
Microsoft Visual Studio Solution File, Format Version 12.00
# Visual Studio 15
VisualStudioVersion = 15.0.26403.7
MinimumVisualStudioVersion = 10.0.40219.1
Project("{FAE04EC0-301F-11D3-BF4B-00C04F79EFBC}") = "GCDSearch", "GCDSearch\GCDSearch.csproj", "{274B5C17-7B2A-4DAE-97F5-134BE41CDB4C}"
EndProject
Project("{FAE04EC0-301F-11D3-BF4B-00C04F79EFBC}") = "GCDSearch.Tests", "GCDSearch.Tests\GCDSearch.Tests.csproj", "{E98D642C-96BA-4E57-917F-A0CBDAC00B7B}"
EndProject
Project("{FAE04EC0-301F-11D3-BF4B-00C04F79EFBC}") = "Double.Extensions", "Double.Extensions\Double.Extensions.csproj", "{27C0BECC-9B69-45D0-9C26-38456224048D}"
EndProject
Project("{FAE04EC0-301F-11D3-BF4B-00C04F79EFBC}") = "Double.Extensions.Tests", "Double.Extensions.Tests\Double.Extensions.Tests.csproj", "{A564FF27-DE60-4071-B4A8-C563936D6C35}"
EndProject
Project("{FAE04EC0-301F-11D3-BF4B-00C04F79EFBC}") = "PolynomialLogic.Tests", "PolynomialLogic.Tests\PolynomialLogic.Tests.csproj", "{9E854493-1F25-4452-9494-A77804F40161}"
EndProject
Project("{FAE04EC0-301F-11D3-BF4B-00C04F79EFBC}") = "PolynomialLogic", "PolynomialLogic\PolynomialLogic.csproj", "{F2E61AF3-0B22-49FB-9927-D33032C62599}"
EndProject
Global
	GlobalSection(SolutionConfigurationPlatforms) = preSolution
		Debug|Any CPU = Debug|Any CPU
		Release|Any CPU = Release|Any CPU
	EndGlobalSection
	GlobalSection(ProjectConfigurationPlatforms) = postSolution
		{274B5C17-7B2A-4DAE-97F5-134BE41CDB4C}.Debug|Any CPU.ActiveCfg = Debug|Any CPU
		{274B5C17-7B2A-4DAE-97F5-134BE41CDB4C}.Debug|Any CPU.Build.0 = Debug|Any CPU
		{274B5C17-7B2A-4DAE-97F5-134BE41CDB4C}.Release|Any CPU.ActiveCfg = Release|Any CPU
		{274B5C17-7B2A-4DAE-97F5-134BE41CDB4C}.Release|Any CPU.Build.0 = Release|Any CPU
		{E98D642C-96BA-4E57-917F-A0CBDAC00B7B}.Debug|Any CPU.ActiveCfg = Debug|Any CPU
		{E98D642C-96BA-4E57-917F-A0CBDAC00B7B}.Debug|Any CPU.Build.0 = Debug|Any CPU
		{E98D642C-96BA-4E57-917F-A0CBDAC00B7B}.Release|Any CPU.ActiveCfg = Release|Any CPU
		{E98D642C-96BA-4E57-917F-A0CBDAC00B7B}.Release|Any CPU.Build.0 = Release|Any CPU
		{27C0BECC-9B69-45D0-9C26-38456224048D}.Debug|Any CPU.ActiveCfg = Debug|Any CPU
		{27C0BECC-9B69-45D0-9C26-38456224048D}.Debug|Any CPU.Build.0 = Debug|Any CPU
		{27C0BECC-9B69-45D0-9C26-38456224048D}.Release|Any CPU.ActiveCfg = Release|Any CPU
		{27C0BECC-9B69-45D0-9C26-38456224048D}.Release|Any CPU.Build.0 = Release|Any CPU
		{A564FF27-DE60-4071-B4A8-C563936D6C35}.Debug|Any CPU.ActiveCfg = Debug|Any CPU
		{A564FF27-DE60-4071-B4A8-C563936D6C35}.Debug|Any CPU.Build.0 = Debug|Any CPU
		{A564FF27-DE60-4071-B4A8-C563936D6C35}.Release|Any CPU.ActiveCfg = Release|Any CPU
		{A564FF27-DE60-4071-B4A8-C563936D6C35}.Release|Any CPU.Build.0 = Release|Any CPU
		{9E854493-1F25-4452-9494-A77804F40161}.Debug|Any CPU.ActiveCfg = Debug|Any CPU
		{9E854493-1F25-4452-9494-A77804F40161}.Debug|Any CPU.Build.0 = Debug|Any CPU
		{9E854493-1F25-4452-9494-A77804F40161}.Release|Any CPU.ActiveCfg = Release|Any CPU
		{9E854493-1F25-4452-9494-A77804F40161}.Release|Any CPU.Build.0 = Release|Any CPU
		{F2E61AF3-0B22-49FB-9927-D33032C62599}.Debug|Any CPU.ActiveCfg = Debug|Any CPU
		{F2E61AF3-0B22-49FB-9927-D33032C62599}.Debug|Any CPU.Build.0 = Debug|Any CPU
		{F2E61AF3-0B22-49FB-9927-D33032C62599}.Release|Any CPU.ActiveCfg = Release|Any CPU
		{F2E61AF3-0B22-49FB-9927-D33032C62599}.Release|Any CPU.Build.0 = Release|Any CPU
	EndGlobalSection
	GlobalSection(SolutionProperties) = preSolution
		HideSolutionNode = FALSE
	EndGlobalSection
EndGlobal
